{
  "lockfileVersion": 1,
  "configVersion": 1,
  "workspaces": {
    "": {
      "dependencies": {
        "hls.js": "^1.6.16",
        "vidstack": "^1.15",
      },
    },
  },
  "packages": {
    "@floating-ui/core": ["@floating-ui/core@1.7.5", "", { "dependencies": { "@floating-ui/utils": "^0.2.11" } }, "sha512-1Ih4WTWyw0+lKyFMcBHGbb5U5FtuHJuujoyyr5zTaWS5EYMeT6Jb2AuDeftsCsEuchO+mM2ij5+q9crhydzLhQ=="],

    "@floating-ui/dom": ["@floating-ui/dom@1.7.6", "", { "dependencies": { "@floating-ui/core": "^1.7.5", "@floating-ui/utils": "^0.2.11" } }, "sha512-9gZSAI5XM36880PPMm//9dfiEngYoC6Am2izES1FF406YFsjvyBMmeJ2g4SAju3xWwtuynNRFL2s9hgxpLI5SQ=="],

    "@floating-ui/utils": ["@floating-ui/utils@0.2.11", "", {}, "sha512-RiB/yIh78pcIxl6lLMG0CgBXAZ2Y0eVHqMPYugu+9U0AeT6YBeiJpf7lbdJNIugFP5SIjwNRgo4DhR1Qxi26Gg=="],

    "@types/trusted-types": ["@types/trusted-types@2.0.7", "", {}, "sha512-ScaPdn1dQczgbl0QFTeTOmVHFULt394XJgOQNoyVhZ6r2vLnMLJfBPd53SB52T/3G36VI1/g2MZaX0cwDuXsfw=="],

    "acorn": ["acorn@8.16.0", "", { "bin": { "acorn": "bin/acorn" } }, "sha512-UVJyE9MttOsBQIDKw1skb9nAwQuR5wuGD3+82K6JgJlm/Y+KI92oNsMNGZCYdDsVtRHSak0pcV5Dno5+4jh9sw=="],

    "fscreen": ["fscreen@1.2.0", "", {}, "sha512-hlq4+BU0hlPmwsFjwGGzZ+OZ9N/wq9Ljg/sq3pX+2CD7hrJsX9tJgWWK/wiNTFM212CLHWhicOoqwXyZGGetJg=="],

    "hls.js": ["hls.js@1.6.16", "", {}, "sha512-VSIRpLfRwlAAdGL4wiTucx2ScRipo0ed1FBatWkyt832jC4CReKstga6yIhYVwGu9LOBjuX9wzmRMeQdBJtzEA=="],

    "lit-html": ["lit-html@2.8.0", "", { "dependencies": { "@types/trusted-types": "^2.0.2" } }, "sha512-o9t+MQM3P4y7M7yNzqAyjp7z+mQGa4NS4CxiyLqFPyFWyc4O+nodLrkrxSaCTrla6M5YOLaT3RpbbqjszB5g3Q=="],

    "media-captions": ["media-captions@1.0.4", "", {}, "sha512-cyDNmuZvvO4H27rcBq2Eudxo9IZRDCOX/I7VEyqbxsEiD2Ei7UYUhG/Sc5fvMZjmathgz3fEK7iAKqvpY+Ux1w=="],

    "unplugin": ["unplugin@1.16.1", "", { "dependencies": { "acorn": "^8.14.0", "webpack-virtual-modules": "^0.6.2" } }, "sha512-4/u/j4FrCKdi17jaxuJA0jClGxB1AvU2hw/IuayPc4ay1XGaJs/rbb4v5WKwAjNifjmXK9PIFyuPiaK8azyR9w=="],

    "vidstack": ["vidstack@1.15.5", "", { "dependencies": { "@floating-ui/dom": "^1.6.10", "fscreen": "^1.2.0", "lit-html": "^2.8.0", "media-captions": "^1.0.4", "unplugin": "^1.12.0" } }, "sha512-9Xd2yL2Zhmarnj1xilfv1vmPS19DzvdBQtkMXGASilGXYkOw0eaw3zosocLjAbKj+RcJo3hkP3Rt+vf8oPaw0w=="],

    "webpack-virtual-modules": ["webpack-virtual-modules@0.6.2", "", {}, "sha512-66/V2i5hQanC51vBQKPH4aI8NMAcBW59FVBs+rC7eGHupMyfn34q7rZIE+ETlJ+XTevqfUhVVBgSUNSW2flEUQ=="],
  }
}
